
Microsoft Visual Studio Solution File, Format Version 12.00
# Visual Studio Version 17
VisualStudioVersion = 17.1.32421.90
MinimumVisualStudioVersion = 10.0.40219.1
Project("{FAE04EC0-301F-11D3-BF4B-00C04F79EFBC}") = "laba3s2", "laba3s2\laba3s2.csproj", "{2510A216-C15C-4FEF-9555-F96B42190496}"
EndProject
Global
	GlobalSection(SolutionConfigurationPlatforms) = preSolution
		Debug|Any CPU = Debug|Any CPU
		Release|Any CPU = Release|Any CPU
	EndGlobalSection
	GlobalSection(ProjectConfigurationPlatforms) = postSolution
		{2510A216-C15C-4FEF-9555-F96B42190496}.Debug|Any CPU.ActiveCfg = Debug|Any CPU
		{2510A216-C15C-4FEF-9555-F96B42190496}.Debug|Any CPU.Build.0 = Debug|Any CPU
		{2510A216-C15C-4FEF-9555-F96B42190496}.Release|Any CPU.ActiveCfg = Release|Any CPU
		{2510A216-C15C-4FEF-9555-F96B42190496}.Release|Any CPU.Build.0 = Release|Any CPU
	EndGlobalSection
	GlobalSection(SolutionProperties) = preSolution
		HideSolutionNode = FALSE
	EndGlobalSection
	GlobalSection(ExtensibilityGlobals) = postSolution
		SolutionGuid = {C6C379BD-F08B-4590-A100-C447F7AFA076}
	EndGlobalSection
EndGlobal
